// !$*UTF8*$!
{
	archiveVersion = 1;
	classes = {
	};
	objectVersion = 56;
	objects = {

/* Begin PBXBuildFile section */
		291D3B31492D27D1BFCBEF4D /* Pods_WeatherApiApp.framework in Frameworks */ = {isa = PBXBuildFile; fileRef = 80A5A5DDB9FB176604EA8D5A /* Pods_WeatherApiApp.framework */; };
		EDF8CFBF2C3D10FF00D9FE21 /* AppDelegate.swift in Sources */ = {isa = PBXBuildFile; fileRef = EDF8CFBE2C3D10FF00D9FE21 /* AppDelegate.swift */; };
		EDF8CFC12C3D10FF00D9FE21 /* SceneDelegate.swift in Sources */ = {isa = PBXBuildFile; fileRef = EDF8CFC02C3D10FF00D9FE21 /* SceneDelegate.swift */; };
		EDF8CFC82C3D110000D9FE21 /* Assets.xcassets in Resources */ = {isa = PBXBuildFile; fileRef = EDF8CFC72C3D110000D9FE21 /* Assets.xcassets */; };
		EDF8CFCB2C3D110000D9FE21 /* Base in Resources */ = {isa = PBXBuildFile; fileRef = EDF8CFCA2C3D110000D9FE21 /* Base */; };
		EDF8CFD42C3D215600D9FE21 /* WeatherViewController.swift in Sources */ = {isa = PBXBuildFile; fileRef = EDF8CFD22C3D215600D9FE21 /* WeatherViewController.swift */; };
		EDF8CFD52C3D215600D9FE21 /* WeatherViewController.xib in Resources */ = {isa = PBXBuildFile; fileRef = EDF8CFD32C3D215600D9FE21 /* WeatherViewController.xib */; };
/* End PBXBuildFile section */

/* Begin PBXFileReference section */
		80A5A5DDB9FB176604EA8D5A /* Pods_WeatherApiApp.framework */ = {isa = PBXFileReference; explicitFileType = wrapper.framework; includeInIndex = 0; path = Pods_WeatherApiApp.framework; sourceTree = BUILT_PRODUCTS_DIR; };
		97453E0402C0560DDDC8AD09 /* Pods-WeatherApiApp.release.xcconfig */ = {isa = PBXFileReference; includeInIndex = 1; lastKnownFileType = text.xcconfig; name = "Pods-WeatherApiApp.release.xcconfig"; path = "Target Support Files/Pods-WeatherApiApp/Pods-WeatherApiApp.release.xcconfig"; sourceTree = "<group>"; };
		BC4D4A2B24F47F13FBE199A5 /* Pods-WeatherApiApp.debug.xcconfig */ = {isa = PBXFileReference; includeInIndex = 1; lastKnownFileType = text.xcconfig; name = "Pods-WeatherApiApp.debug.xcconfig"; path = "Target Support Files/Pods-WeatherApiApp/Pods-WeatherApiApp.debug.xcconfig"; sourceTree = "<group>"; };
		EDF8CFBB2C3D10FF00D9FE21 /* WeatherApiApp.app */ = {isa = PBXFileReference; explicitFileType = wrapper.application; includeInIndex = 0; path = WeatherApiApp.app; sourceTree = BUILT_PRODUCTS_DIR; };
		EDF8CFBE2C3D10FF00D9FE21 /* AppDelegate.swift */ = {isa = PBXFileReference; lastKnownFileType = sourcecode.swift; path = AppDelegate.swift; sourceTree = "<group>"; };
		EDF8CFC02C3D10FF00D9FE21 /* SceneDelegate.swift */ = {isa = PBXFileReference; lastKnownFileType = sourcecode.swift; path = SceneDelegate.swift; sourceTree = "<group>"; };
		EDF8CFC72C3D110000D9FE21 /* Assets.xcassets */ = {isa = PBXFileReference; lastKnownFileType = folder.assetcatalog; path = Assets.xcassets; sourceTree = "<group>"; };
		EDF8CFCA2C3D110000D9FE21 /* Base */ = {isa = PBXFileReference; lastKnownFileType = file.storyboard; name = Base; path = Base.lproj/LaunchScreen.storyboard; sourceTree = "<group>"; };
		EDF8CFCC2C3D110000D9FE21 /* Info.plist */ = {isa = PBXFileReference; lastKnownFileType = text.plist.xml; path = Info.plist; sourceTree = "<group>"; };
		EDF8CFD22C3D215600D9FE21 /* WeatherViewController.swift */ = {isa = PBXFileReference; lastKnownFileType = sourcecode.swift; path = WeatherViewController.swift; sourceTree = "<group>"; };
		EDF8CFD32C3D215600D9FE21 /* WeatherViewController.xib */ = {isa = PBXFileReference; lastKnownFileType = file.xib; path = WeatherViewController.xib; sourceTree = "<group>"; };
/* End PBXFileReference section */

/* Begin PBXFrameworksBuildPhase section */
		EDF8CFB82C3D10FF00D9FE21 /* Frameworks */ = {
			isa = PBXFrameworksBuildPhase;
			buildActionMask = 2147483647;
			files = (
				291D3B31492D27D1BFCBEF4D /* Pods_WeatherApiApp.framework in Frameworks */,
			);
			runOnlyForDeploymentPostprocessing = 0;
		};
/* End PBXFrameworksBuildPhase section */

/* Begin PBXGroup section */
		8DE2581855BE6F94B0DD114B /* Pods */ = {
			isa = PBXGroup;
			children = (
				BC4D4A2B24F47F13FBE199A5 /* Pods-WeatherApiApp.debug.xcconfig */,
				97453E0402C0560DDDC8AD09 /* Pods-WeatherApiApp.release.xcconfig */,
			);
			path = Pods;
			sourceTree = "<group>";
		};
		BAC5CCB796AED61E5F4CF5CA /* Frameworks */ = {
			isa = PBXGroup;
			children = (
				80A5A5DDB9FB176604EA8D5A /* Pods_WeatherApiApp.framework */,
			);
			name = Frameworks;
			sourceTree = "<group>";
		};
		EDF8CFB22C3D10FF00D9FE21 = {
			isa = PBXGroup;
			children = (
				EDF8CFBD2C3D10FF00D9FE21 /* WeatherApiApp */,
				EDF8CFBC2C3D10FF00D9FE21 /* Products */,
				8DE2581855BE6F94B0DD114B /* Pods */,
				BAC5CCB796AED61E5F4CF5CA /* Frameworks */,
			);
			sourceTree = "<group>";
		};
		EDF8CFBC2C3D10FF00D9FE21 /* Products */ = {
			isa = PBXGroup;
			children = (
				EDF8CFBB2C3D10FF00D9FE21 /* WeatherApiApp.app */,
			);
			name = Products;
			sourceTree = "<group>";
		};
		EDF8CFBD2C3D10FF00D9FE21 /* WeatherApiApp */ = {
			isa = PBXGroup;
			children = (
				EDF8CFBE2C3D10FF00D9FE21 /* AppDelegate.swift */,
				EDF8CFC02C3D10FF00D9FE21 /* SceneDelegate.swift */,
				EDF8CFD62C3D26E100D9FE21 /* ViewController */,
				EDF8CFC72C3D110000D9FE21 /* Assets.xcassets */,
				EDF8CFC92C3D110000D9FE21 /* LaunchScreen.storyboard */,
				EDF8CFCC2C3D110000D9FE21 /* Info.plist */,
			);
			path = WeatherApiApp;
			sourceTree = "<group>";
		};
		EDF8CFD62C3D26E100D9FE21 /* ViewController */ = {
			isa = PBXGroup;
			children = (
				EDF8CFD22C3D215600D9FE21 /* WeatherViewController.swift */,
				EDF8CFD32C3D215600D9FE21 /* WeatherViewController.xib */,
			);
			path = ViewController;
			sourceTree = "<group>";
		};
/* End PBXGroup section */

/* Begin PBXNativeTarget section */
		EDF8CFBA2C3D10FF00D9FE21 /* WeatherApiApp */ = {
			isa = PBXNativeTarget;
			buildConfigurationList = EDF8CFCF2C3D110000D9FE21 /* Build configuration list for PBXNativeTarget "WeatherApiApp" */;
			buildPhases = (
				23E869474EE42023C5289AB1 /* [CP] Check Pods Manifest.lock */,
				EDF8CFB72C3D10FF00D9FE21 /* Sources */,
				EDF8CFB82C3D10FF00D9FE21 /* Frameworks */,
				EDF8CFB92C3D10FF00D9FE21 /* Resources */,
				2695BE4816AA83F3892F1DB8 /* [CP] Embed Pods Frameworks */,
				ED3753442C3E7CEF00D4080E /* ShellScript */,
			);
			buildRules = (
			);
			dependencies = (
			);
			name = WeatherApiApp;
			productName = WeatherApiApp;
			productReference = EDF8CFBB2C3D10FF00D9FE21 /* WeatherApiApp.app */;
			productType = "com.apple.product-type.application";
		};
/* End PBXNativeTarget section */

/* Begin PBXProject section */
		EDF8CFB32C3D10FF00D9FE21 /* Project object */ = {
			isa = PBXProject;
			attributes = {
				BuildIndependentTargetsInParallel = 1;
				LastSwiftUpdateCheck = 1530;
				LastUpgradeCheck = 1530;
				TargetAttributes = {
					EDF8CFBA2C3D10FF00D9FE21 = {
						CreatedOnToolsVersion = 15.3;
					};
				};
			};
			buildConfigurationList = EDF8CFB62C3D10FF00D9FE21 /* Build configuration list for PBXProject "WeatherApiApp" */;
			compatibilityVersion = "Xcode 14.0";
			developmentRegion = en;
			hasScannedForEncodings = 0;
			knownRegions = (
				en,
				Base,
			);
			mainGroup = EDF8CFB22C3D10FF00D9FE21;
			productRefGroup = EDF8CFBC2C3D10FF00D9FE21 /* Products */;
			projectDirPath = "";
			projectRoot = "";
			targets = (
				EDF8CFBA2C3D10FF00D9FE21 /* WeatherApiApp */,
			);
		};
/* End PBXProject section */

/* Begin PBXResourcesBuildPhase section */
		EDF8CFB92C3D10FF00D9FE21 /* Resources */ = {
			isa = PBXResourcesBuildPhase;
			buildActionMask = 2147483647;
			files = (
				EDF8CFC82C3D110000D9FE21 /* Assets.xcassets in Resources */,
				EDF8CFD52C3D215600D9FE21 /* WeatherViewController.xib in Resources */,
				EDF8CFCB2C3D110000D9FE21 /* Base in Resources */,
			);
			runOnlyForDeploymentPostprocessing = 0;
		};
/* End PBXResourcesBuildPhase section */

/* Begin PBXShellScriptBuildPhase section */
		23E869474EE42023C5289AB1 /* [CP] Check Pods Manifest.lock */ = {
			isa = PBXShellScriptBuildPhase;
			buildActionMask = 2147483647;
			files = (
			);
			inputFileListPaths = (
			);
			inputPaths = (
				"${PODS_PODFILE_DIR_PATH}/Podfile.lock",
				"${PODS_ROOT}/Manifest.lock",
			);
			name = "[CP] Check Pods Manifest.lock";
			outputFileListPaths = (
			);
			outputPaths = (
				"$(DERIVED_FILE_DIR)/Pods-WeatherApiApp-checkManifestLockResult.txt",
			);
			runOnlyForDeploymentPostprocessing = 0;
			shellPath = /bin/sh;
			shellScript = "diff \"${PODS_PODFILE_DIR_PATH}/Podfile.lock\" \"${PODS_ROOT}/Manifest.lock\" > /dev/null\nif [ $? != 0 ] ; then\n    # print error to STDERR\n    echo \"error: The sandbox is not in sync with the Podfile.lock. Run 'pod install' or update your CocoaPods installation.\" >&2\n    exit 1\nfi\n# This output is used by Xcode 'outputs' to avoid re-running this script phase.\necho \"SUCCESS\" > \"${SCRIPT_OUTPUT_FILE_0}\"\n";
			showEnvVarsInLog = 0;
		};
		2695BE4816AA83F3892F1DB8 /* [CP] Embed Pods Frameworks */ = {
			isa = PBXShellScriptBuildPhase;
			buildActionMask = 2147483647;
			files = (
			);
			inputFileListPaths = (
				"${PODS_ROOT}/Target Support Files/Pods-WeatherApiApp/Pods-WeatherApiApp-frameworks-${CONFIGURATION}-input-files.xcfilelist",
			);
			name = "[CP] Embed Pods Frameworks";
			outputFileListPaths = (
				"${PODS_ROOT}/Target Support Files/Pods-WeatherApiApp/Pods-WeatherApiApp-frameworks-${CONFIGURATION}-output-files.xcfilelist",
			);
			runOnlyForDeploymentPostprocessing = 0;
			shellPath = /bin/sh;
			shellScript = "\"${PODS_ROOT}/Target Support Files/Pods-WeatherApiApp/Pods-WeatherApiApp-frameworks.sh\"\n";
			showEnvVarsInLog = 0;
		};
		ED3753442C3E7CEF00D4080E /* ShellScript */ = {
			isa = PBXShellScriptBuildPhase;
			alwaysOutOfDate = 1;
			buildActionMask = 2147483647;
			files = (
			);
			inputFileListPaths = (
			);
			inputPaths = (
			);
			outputFileListPaths = (
			);
			outputPaths = (
			);
			runOnlyForDeploymentPostprocessing = 0;
			shellPath = /bin/sh;
			shellScript = "export PATH=\"$PATH:/opt/homebrew/bin\"\nif which swiftlint >/dev/null; then\n  swiftlint autocorrect --format # 自動修正の有効化\n  swiftlint\nelse\n  echo \"SwiftLint does not exist, download from https://github.com/realm/SwiftLint\"\nfi\n";
		};
/* End PBXShellScriptBuildPhase section */

/* Begin PBXSourcesBuildPhase section */
		EDF8CFB72C3D10FF00D9FE21 /* Sources */ = {
			isa = PBXSourcesBuildPhase;
			buildActionMask = 2147483647;
			files = (
				EDF8CFBF2C3D10FF00D9FE21 /* AppDelegate.swift in Sources */,
				EDF8CFD42C3D215600D9FE21 /* WeatherViewController.swift in Sources */,
				EDF8CFC12C3D10FF00D9FE21 /* SceneDelegate.swift in Sources */,
			);
			runOnlyForDeploymentPostprocessing = 0;
		};
/* End PBXSourcesBuildPhase section */

/* Begin PBXVariantGroup section */
		EDF8CFC92C3D110000D9FE21 /* LaunchScreen.storyboard */ = {
			isa = PBXVariantGroup;
			children = (
				EDF8CFCA2C3D110000D9FE21 /* Base */,
			);
			name = LaunchScreen.storyboard;
			sourceTree = "<group>";
		};
/* End PBXVariantGroup section */

/* Begin XCBuildConfiguration section */
		EDF8CFCD2C3D110000D9FE21 /* Debug */ = {
			isa = XCBuildConfiguration;
			buildSettings = {
				ALWAYS_SEARCH_USER_PATHS = NO;
				ASSETCATALOG_COMPILER_GENERATE_SWIFT_ASSET_SYMBOL_EXTENSIONS = YES;
				CLANG_ANALYZER_NONNULL = YES;
				CLANG_ANALYZER_NUMBER_OBJECT_CONVERSION = YES_AGGRESSIVE;
				CLANG_CXX_LANGUAGE_STANDARD = "gnu++20";
				CLANG_ENABLE_MODULES = YES;
				CLANG_ENABLE_OBJC_ARC = YES;
				CLANG_ENABLE_OBJC_WEAK = YES;
				CLANG_WARN_BLOCK_CAPTURE_AUTORELEASING = YES;
				CLANG_WARN_BOOL_CONVERSION = YES;
				CLANG_WARN_COMMA = YES;
				CLANG_WARN_CONSTANT_CONVERSION = YES;
				CLANG_WARN_DEPRECATED_OBJC_IMPLEMENTATIONS = YES;
				CLANG_WARN_DIRECT_OBJC_ISA_USAGE = YES_ERROR;
				CLANG_WARN_DOCUMENTATION_COMMENTS = YES;
				CLANG_WARN_EMPTY_BODY = YES;
				CLANG_WARN_ENUM_CONVERSION = YES;
				CLANG_WARN_INFINITE_RECURSION = YES;
				CLANG_WARN_INT_CONVERSION = YES;
				CLANG_WARN_NON_LITERAL_NULL_CONVERSION = YES;
				CLANG_WARN_OBJC_IMPLICIT_RETAIN_SELF = YES;
				CLANG_WARN_OBJC_LITERAL_CONVERSION = YES;
				CLANG_WARN_OBJC_ROOT_CLASS = YES_ERROR;
				CLANG_WARN_QUOTED_INCLUDE_IN_FRAMEWORK_HEADER = YES;
				CLANG_WARN_RANGE_LOOP_ANALYSIS = YES;
				CLANG_WARN_STRICT_PROTOTYPES = YES;
				CLANG_WARN_SUSPICIOUS_MOVE = YES;
				CLANG_WARN_UNGUARDED_AVAILABILITY = YES_AGGRESSIVE;
				CLANG_WARN_UNREACHABLE_CODE = YES;
				CLANG_WARN__DUPLICATE_METHOD_MATCH = YES;
				COPY_PHASE_STRIP = NO;
				DEBUG_INFORMATION_FORMAT = dwarf;
				ENABLE_STRICT_OBJC_MSGSEND = YES;
				ENABLE_TESTABILITY = YES;
				ENABLE_USER_SCRIPT_SANDBOXING = YES;
				GCC_C_LANGUAGE_STANDARD = gnu17;
				GCC_DYNAMIC_NO_PIC = NO;
				GCC_NO_COMMON_BLOCKS = YES;
				GCC_OPTIMIZATION_LEVEL = 0;
				GCC_PREPROCESSOR_DEFINITIONS = (
					"DEBUG=1",
					"$(inherited)",
				);
				GCC_WARN_64_TO_32_BIT_CONVERSION = YES;
				GCC_WARN_ABOUT_RETURN_TYPE = YES_ERROR;
				GCC_WARN_UNDECLARED_SELECTOR = YES;
				GCC_WARN_UNINITIALIZED_AUTOS = YES_AGGRESSIVE;
				GCC_WARN_UNUSED_FUNCTION = YES;
				GCC_WARN_UNUSED_VARIABLE = YES;
				IPHONEOS_DEPLOYMENT_TARGET = 17.3;
				LOCALIZATION_PREFERS_STRING_CATALOGS = YES;
				MTL_ENABLE_DEBUG_INFO = INCLUDE_SOURCE;
				MTL_FAST_MATH = YES;
				ONLY_ACTIVE_ARCH = YES;
				SDKROOT = iphoneos;
				SWIFT_ACTIVE_COMPILATION_CONDITIONS = "DEBUG $(inherited)";
				SWIFT_OPTIMIZATION_LEVEL = "-Onone";
			};
			name = Debug;
		};
		EDF8CFCE2C3D110000D9FE21 /* Release */ = {
			isa = XCBuildConfiguration;
			buildSettings = {
				ALWAYS_SEARCH_USER_PATHS = NO;
				ASSETCATALOG_COMPILER_GENERATE_SWIFT_ASSET_SYMBOL_EXTENSIONS = YES;
				CLANG_ANALYZER_NONNULL = YES;
				CLANG_ANALYZER_NUMBER_OBJECT_CONVERSION = YES_AGGRESSIVE;
				CLANG_CXX_LANGUAGE_STANDARD = "gnu++20";
				CLANG_ENABLE_MODULES = YES;
				CLANG_ENABLE_OBJC_ARC = YES;
				CLANG_ENABLE_OBJC_WEAK = YES;
				CLANG_WARN_BLOCK_CAPTURE_AUTORELEASING = YES;
				CLANG_WARN_BOOL_CONVERSION = YES;
				CLANG_WARN_COMMA = YES;
				CLANG_WARN_CONSTANT_CONVERSION = YES;
				CLANG_WARN_DEPRECATED_OBJC_IMPLEMENTATIONS = YES;
				CLANG_WARN_DIRECT_OBJC_ISA_USAGE = YES_ERROR;
				CLANG_WARN_DOCUMENTATION_COMMENTS = YES;
				CLANG_WARN_EMPTY_BODY = YES;
				CLANG_WARN_ENUM_CONVERSION = YES;
				CLANG_WARN_INFINITE_RECURSION = YES;
				CLANG_WARN_INT_CONVERSION = YES;
				CLANG_WARN_NON_LITERAL_NULL_CONVERSION = YES;
				CLANG_WARN_OBJC_IMPLICIT_RETAIN_SELF = YES;
				CLANG_WARN_OBJC_LITERAL_CONVERSION = YES;
				CLANG_WARN_OBJC_ROOT_CLASS = YES_ERROR;
				CLANG_WARN_QUOTED_INCLUDE_IN_FRAMEWORK_HEADER = YES;
				CLANG_WARN_RANGE_LOOP_ANALYSIS = YES;
				CLANG_WARN_STRICT_PROTOTYPES = YES;
				CLANG_WARN_SUSPICIOUS_MOVE = YES;
				CLANG_WARN_UNGUARDED_AVAILABILITY = YES_AGGRESSIVE;
				CLANG_WARN_UNREACHABLE_CODE = YES;
				CLANG_WARN__DUPLICATE_METHOD_MATCH = YES;
				COPY_PHASE_STRIP = NO;
				DEBUG_INFORMATION_FORMAT = "dwarf-with-dsym";
				ENABLE_NS_ASSERTIONS = NO;
				ENABLE_STRICT_OBJC_MSGSEND = YES;
				ENABLE_USER_SCRIPT_SANDBOXING = YES;
				GCC_C_LANGUAGE_STANDARD = gnu17;
				GCC_NO_COMMON_BLOCKS = YES;
				GCC_WARN_64_TO_32_BIT_CONVERSION = YES;
				GCC_WARN_ABOUT_RETURN_TYPE = YES_ERROR;
				GCC_WARN_UNDECLARED_SELECTOR = YES;
				GCC_WARN_UNINITIALIZED_AUTOS = YES_AGGRESSIVE;
				GCC_WARN_UNUSED_FUNCTION = YES;
				GCC_WARN_UNUSED_VARIABLE = YES;
				IPHONEOS_DEPLOYMENT_TARGET = 17.3;
				LOCALIZATION_PREFERS_STRING_CATALOGS = YES;
				MTL_ENABLE_DEBUG_INFO = NO;
				MTL_FAST_MATH = YES;
				SDKROOT = iphoneos;
				SWIFT_COMPILATION_MODE = wholemodule;
				VALIDATE_PRODUCT = YES;
			};
			name = Release;
		};
		EDF8CFD02C3D110000D9FE21 /* Debug */ = {
			isa = XCBuildConfiguration;
			baseConfigurationReference = BC4D4A2B24F47F13FBE199A5 /* Pods-WeatherApiApp.debug.xcconfig */;
			buildSettings = {
				ASSETCATALOG_COMPILER_APPICON_NAME = AppIcon;
				ASSETCATALOG_COMPILER_GLOBAL_ACCENT_COLOR_NAME = AccentColor;
				CODE_SIGN_STYLE = Automatic;
				CURRENT_PROJECT_VERSION = 1;
				ENABLE_USER_SCRIPT_SANDBOXING = NO;
				GENERATE_INFOPLIST_FILE = YES;
				INFOPLIST_FILE = WeatherApiApp/Info.plist;
				INFOPLIST_KEY_UIApplicationSupportsIndirectInputEvents = YES;
				INFOPLIST_KEY_UILaunchStoryboardName = LaunchScreen;
				INFOPLIST_KEY_UISupportedInterfaceOrientations_iPad = "UIInterfaceOrientationPortrait UIInterfaceOrientationPortraitUpsideDown UIInterfaceOrientationLandscapeLeft UIInterfaceOrientationLandscapeRight";
				INFOPLIST_KEY_UISupportedInterfaceOrientations_iPhone = "UIInterfaceOrientationPortrait UIInterfaceOrientationLandscapeLeft UIInterfaceOrientationLandscapeRight";
				LD_RUNPATH_SEARCH_PATHS = (
					"$(inherited)",
					"@executable_path/Frameworks",
				);
				MARKETING_VERSION = 1.0;
				PRODUCT_BUNDLE_IDENTIFIER = "Ishioka-Ken.WeatherApiApp";
				PRODUCT_NAME = "$(TARGET_NAME)";
				SWIFT_EMIT_LOC_STRINGS = YES;
				SWIFT_VERSION = 5.0;
				TARGETED_DEVICE_FAMILY = "1,2";
			};
			name = Debug;
		};
		EDF8CFD12C3D110000D9FE21 /* Release */ = {
			isa = XCBuildConfiguration;
			baseConfigurationReference = 97453E0402C0560DDDC8AD09 /* Pods-WeatherApiApp.release.xcconfig */;
			buildSettings = {
				ASSETCATALOG_COMPILER_APPICON_NAME = AppIcon;
				ASSETCATALOG_COMPILER_GLOBAL_ACCENT_COLOR_NAME = AccentColor;
				CODE_SIGN_STYLE = Automatic;
				CURRENT_PROJECT_VERSION = 1;
				ENABLE_USER_SCRIPT_SANDBOXING = NO;
				GENERATE_INFOPLIST_FILE = YES;
				INFOPLIST_FILE = WeatherApiApp/Info.plist;
				INFOPLIST_KEY_UIApplicationSupportsIndirectInputEvents = YES;
				INFOPLIST_KEY_UILaunchStoryboardName = LaunchScreen;
				INFOPLIST_KEY_UISupportedInterfaceOrientations_iPad = "UIInterfaceOrientationPortrait UIInterfaceOrientationPortraitUpsideDown UIInterfaceOrientationLandscapeLeft UIInterfaceOrientationLandscapeRight";
				INFOPLIST_KEY_UISupportedInterfaceOrientations_iPhone = "UIInterfaceOrientationPortrait UIInterfaceOrientationLandscapeLeft UIInterfaceOrientationLandscapeRight";
				LD_RUNPATH_SEARCH_PATHS = (
					"$(inherited)",
					"@executable_path/Frameworks",
				);
				MARKETING_VERSION = 1.0;
				PRODUCT_BUNDLE_IDENTIFIER = "Ishioka-Ken.WeatherApiApp";
				PRODUCT_NAME = "$(TARGET_NAME)";
				SWIFT_EMIT_LOC_STRINGS = YES;
				SWIFT_VERSION = 5.0;
				TARGETED_DEVICE_FAMILY = "1,2";
			};
			name = Release;
		};
/* End XCBuildConfiguration section */

/* Begin XCConfigurationList section */
		EDF8CFB62C3D10FF00D9FE21 /* Build configuration list for PBXProject "WeatherApiApp" */ = {
			isa = XCConfigurationList;
			buildConfigurations = (
				EDF8CFCD2C3D110000D9FE21 /* Debug */,
				EDF8CFCE2C3D110000D9FE21 /* Release */,
			);
			defaultConfigurationIsVisible = 0;
			defaultConfigurationName = Release;
		};
		EDF8CFCF2C3D110000D9FE21 /* Build configuration list for PBXNativeTarget "WeatherApiApp" */ = {
			isa = XCConfigurationList;
			buildConfigurations = (
				EDF8CFD02C3D110000D9FE21 /* Debug */,
				EDF8CFD12C3D110000D9FE21 /* Release */,
			);
			defaultConfigurationIsVisible = 0;
			defaultConfigurationName = Release;
		};
/* End XCConfigurationList section */
	};
	rootObject = EDF8CFB32C3D10FF00D9FE21 /* Project object */;
}
